
Microsoft Visual Studio Solution File, Format Version 12.00
# Visual Studio Version 17
VisualStudioVersion = 17.7.34024.191
MinimumVisualStudioVersion = 10.0.40219.1
Project("{9A19103F-16F7-4668-BE54-9A1E7A4F7556}") = "AuroraLib.Compression", "src\AuroraLib.Compression\AuroraLib.Compression.csproj", "{90CFBCD7-EE97-46B1-A4E1-21521BACFC77}"
EndProject
Project("{FAE04EC0-301F-11D3-BF4B-00C04F79EFBC}") = "CompressionUnitTest", "CompressionTest\CompressionUnitTest.csproj", "{D9D66680-45F4-4DBD-9965-350E98160329}"
Project("{FAE04EC0-301F-11D3-BF4B-00C04F79EFBC}") = "Benchmarks", "Benchmarks\Benchmarks.csproj", "{AEF632EF-EF3F-4314-B9DB-A70354AF214F}"
EndProject
Global
	GlobalSection(SolutionConfigurationPlatforms) = preSolution
		Debug|Any CPU = Debug|Any CPU
		Release|Any CPU = Release|Any CPU
	EndGlobalSection
	GlobalSection(ProjectConfigurationPlatforms) = postSolution
		{90CFBCD7-EE97-46B1-A4E1-21521BACFC77}.Debug|Any CPU.ActiveCfg = Debug|Any CPU
		{90CFBCD7-EE97-46B1-A4E1-21521BACFC77}.Debug|Any CPU.Build.0 = Debug|Any CPU
		{90CFBCD7-EE97-46B1-A4E1-21521BACFC77}.Release|Any CPU.ActiveCfg = Release|Any CPU
		{90CFBCD7-EE97-46B1-A4E1-21521BACFC77}.Release|Any CPU.Build.0 = Release|Any CPU
		{D9D66680-45F4-4DBD-9965-350E98160329}.Debug|Any CPU.ActiveCfg = Debug|Any CPU
		{D9D66680-45F4-4DBD-9965-350E98160329}.Debug|Any CPU.Build.0 = Debug|Any CPU
		{D9D66680-45F4-4DBD-9965-350E98160329}.Release|Any CPU.ActiveCfg = Release|Any CPU
		{D9D66680-45F4-4DBD-9965-350E98160329}.Release|Any CPU.Build.0 = Release|Any CPU
		{AEF632EF-EF3F-4314-B9DB-A70354AF214F}.Debug|Any CPU.ActiveCfg = Debug|Any CPU
		{AEF632EF-EF3F-4314-B9DB-A70354AF214F}.Debug|Any CPU.Build.0 = Debug|Any CPU
		{AEF632EF-EF3F-4314-B9DB-A70354AF214F}.Release|Any CPU.ActiveCfg = Release|Any CPU
		{AEF632EF-EF3F-4314-B9DB-A70354AF214F}.Release|Any CPU.Build.0 = Release|Any CPU
	EndGlobalSection
	GlobalSection(SolutionProperties) = preSolution
		HideSolutionNode = FALSE
	EndGlobalSection
	GlobalSection(ExtensibilityGlobals) = postSolution
		SolutionGuid = {3E284A3C-F433-424B-A6F4-97DE84B9DCBD}
	EndGlobalSection
EndGlobal
